
Microsoft Visual Studio Solution File, Format Version 12.00
# Visual Studio Version 17
VisualStudioVersion = 17.3.32929.385
MinimumVisualStudioVersion = 10.0.40219.1
Project("{FAE04EC0-301F-11D3-BF4B-00C04F79EFBC}") = "Othello", "Othello\Othello.csproj", "{DD1DB203-3A24-41CA-95DC-981D7BE27A8A}"
EndProject
Global
	GlobalSection(SolutionConfigurationPlatforms) = preSolution
		Debug|Any CPU = Debug|Any CPU
		Release|Any CPU = Release|Any CPU
	EndGlobalSection
	GlobalSection(ProjectConfigurationPlatforms) = postSolution
		{DD1DB203-3A24-41CA-95DC-981D7BE27A8A}.Debug|Any CPU.ActiveCfg = Debug|Any CPU
		{DD1DB203-3A24-41CA-95DC-981D7BE27A8A}.Debug|Any CPU.Build.0 = Debug|Any CPU
		{DD1DB203-3A24-41CA-95DC-981D7BE27A8A}.Release|Any CPU.ActiveCfg = Release|Any CPU
		{DD1DB203-3A24-41CA-95DC-981D7BE27A8A}.Release|Any CPU.Build.0 = Release|Any CPU
	EndGlobalSection
	GlobalSection(SolutionProperties) = preSolution
		HideSolutionNode = FALSE
	EndGlobalSection
	GlobalSection(ExtensibilityGlobals) = postSolution
		SolutionGuid = {071A07A9-962D-4590-9766-B89FE5815CC6}
	EndGlobalSection
EndGlobal
